github.com/Adaptix-Framework/axc2 v1.1.2 h1:B+X+o+JByR4zJKXF5H+xQe5oMAR/7IuGDy7rlVEalQk=
github.com/Adaptix-Framework/axc2 v1.1.2/go.mod h1:3oJyFeRVIql1RTsNa0meEqK3+P+6JTAMMjMdVyXhbaQ=
github.com/google/uuid v1.6.0 h1:NIvaJDMOsjHA8n1jAhLSgzrAzy1Hgr+hNrb57e+94F0=
github.com/google/uuid v1.6.0/go.mod h1:TIyPZe4MgqvfeYDBFedMoGGpEw/LqOeaOT+nhxU+yHo=
golang.org/x/text v0.29.0 h1:1neNs90w9YzJ9BocxfsQNHKuAT4pkghyXc4nhZ6sJvk=
golang.org/x/text v0.29.0/go.mod h1:7MhJOA9CD2qZyOKYazxdYMF85OwPdEr9jTtBpO7ydH4=
